
Microsoft Visual Studio Solution File, Format Version 12.00
# Visual Studio Version 17
VisualStudioVersion = 17.4.33213.308
MinimumVisualStudioVersion = 10.0.40219.1
Project("{FAE04EC0-301F-11D3-BF4B-00C04F79EFBC}") = "lab3 av", "lab3 av\lab3 av.csproj", "{71E48EB5-8C3A-4018-9237-84FC7277117A}"
EndProject
Project("{FAE04EC0-301F-11D3-BF4B-00C04F79EFBC}") = "lab3 avTests", "lab3 avTests\lab3 avTests.csproj", "{2108A4DC-4931-42A7-9A91-891522576206}"
EndProject
Global
	GlobalSection(SolutionConfigurationPlatforms) = preSolution
		Debug|Any CPU = Debug|Any CPU
		Release|Any CPU = Release|Any CPU
	EndGlobalSection
	GlobalSection(ProjectConfigurationPlatforms) = postSolution
		{71E48EB5-8C3A-4018-9237-84FC7277117A}.Debug|Any CPU.ActiveCfg = Debug|Any CPU
		{71E48EB5-8C3A-4018-9237-84FC7277117A}.Debug|Any CPU.Build.0 = Debug|Any CPU
		{71E48EB5-8C3A-4018-9237-84FC7277117A}.Release|Any CPU.ActiveCfg = Release|Any CPU
		{71E48EB5-8C3A-4018-9237-84FC7277117A}.Release|Any CPU.Build.0 = Release|Any CPU
		{2108A4DC-4931-42A7-9A91-891522576206}.Debug|Any CPU.ActiveCfg = Debug|Any CPU
		{2108A4DC-4931-42A7-9A91-891522576206}.Debug|Any CPU.Build.0 = Debug|Any CPU
		{2108A4DC-4931-42A7-9A91-891522576206}.Release|Any CPU.ActiveCfg = Release|Any CPU
		{2108A4DC-4931-42A7-9A91-891522576206}.Release|Any CPU.Build.0 = Release|Any CPU
	EndGlobalSection
	GlobalSection(SolutionProperties) = preSolution
		HideSolutionNode = FALSE
	EndGlobalSection
	GlobalSection(ExtensibilityGlobals) = postSolution
		SolutionGuid = {350B59A6-F552-4269-9AA1-C5BFE7464202}
	EndGlobalSection
EndGlobal
